lockfileVersion: '9.0'

settings:
  autoInstallPeers: true
  excludeLinksFromLockfile: false

importers:

  .:
    dependencies:
      '@regenrek/gpuix-react':
        specifier: 0.5.0-regenrek.0
        version: 0.5.0-regenrek.0(react@19.2.4)
      '@tanstack/react-query':
        specifier: 5.66.8
        version: 5.66.8(react@19.2.4)
      '@taugentic/desktop-daemon-native':
        specifier: workspace:*
        version: link:packages/daemon-native
      '@taugentic/desktop-protocol':
        specifier: workspace:*
        version: link:packages/shared
      react:
        specifier: 19.2.4
        version: 19.2.4
      xstate:
        specifier: 5.20.2
        version: 5.20.2
    devDependencies:
      '@types/bun':
        specifier: 1.3.14
        version: 1.3.14
      '@types/node':
        specifier: 25.0.10
        version: 25.0.10
      '@types/react':
        specifier: 19.2.10
        version: 19.2.10
      typescript:
        specifier: 5.9.3
        version: 5.9.3

  packages/daemon-native: {}

  packages/shared:
    devDependencies:
      typescript:
        specifier: 5.9.3
        version: 5.9.3

packages:

  '@regenrek/gpuix-native-darwin-arm64@0.5.0-regenrek.0':
    resolution: {integrity: sha512-c807a/koplgp/rFl2dsQX8ttHDA+FhqJbJiCZO274XHSjZF+KOEuBtfxs9JlWgKVulcFLCknak7p353mWk8KdA==}
    cpu: [arm64]
    os: [darwin]

  '@regenrek/gpuix-native-darwin-x64@0.5.0-regenrek.0':
    resolution: {integrity: sha512-tkD9uLkKWsvmqEEZu0lycB5I5UJGehA6gv1iKRZJIv8rq0/1qRLEzhp6E1hBeZR2yPz4lAz/3Z9mxbN+zcs4Vg==}
    cpu: [x64]
    os: [darwin]

  '@regenrek/gpuix-native@0.5.0-regenrek.0':
    resolution: {integrity: sha512-l4yAu4r8cSxNvkhaK/2pZreCb0F64UL06/TXUC7MSVexwYED7hjBsnFh8EdEMm01Xl48PXVtEnHANLT9zFfpWA==}

  '@regenrek/gpuix-react@0.5.0-regenrek.0':
    resolution: {integrity: sha512-NycRxxR6zb3Dq26BW0kL09X8BJONMkOxSb8SKN6Ht+M+lpczMhfufFlF8Ii0b6GK+YGkjekTIrGhzM8G2jsAyA==}
    peerDependencies:
      react: ^18.0.0 || ^19.0.0

  '@tanstack/query-core@5.66.4':
    resolution: {integrity: sha512-skM/gzNX4shPkqmdTCSoHtJAPMTtmIJNS0hE+xwTTUVYwezArCT34NMermABmBVUg5Ls5aiUXEDXfqwR1oVkcA==}

  '@tanstack/react-query@5.66.8':
    resolution: {integrity: sha512-LqYHYArmM7ycyT1I/Txc/n6KzI8S/hBFw2SQ9Uj1GpbZ89AvZLEvetquiQEHkZ5rFEm+iVNpZ6zYjTiPmJ9N5Q==}
    peerDependencies:
      react: ^18 || ^19

  '@types/bun@1.3.14':
    resolution: {integrity: sha512-h1hFqFVcvAvD9j9K7ZW7vd82aSA+rTdznZa+5bwvCwqSB1jmmfLcbIWhOLx1/+boy/xmjgCs/OMUL8hRJSmnPw==}

  '@types/node@25.0.10':
    resolution: {integrity: sha512-zWW5KPngR/yvakJgGOmZ5vTBemDoSqF3AcV/LrO5u5wTWyEAVVh+IT39G4gtyAkh3CtTZs8aX/yRM82OfzHJRg==}

  '@types/react@19.2.10':
    resolution: {integrity: sha512-WPigyYuGhgZ/cTPRXB2EwUw+XvsRA3GqHlsP4qteqrnnjDrApbS7MxcGr/hke5iUoeB7E/gQtrs9I37zAJ0Vjw==}

  bun-types@1.3.14:
    resolution: {integrity: sha512-4N0ig0fEomHt5R0KCFWjovxow98rIoRwKolrYdCcknNwMekCXRnWEUvgu5soYV8QXtVsrUD8B95MBOZGPvr6KQ==}

  csstype@3.2.3:
    resolution: {integrity: sha512-z1HGKcYy2xA8AGQfwrn0PAy+PB7X/GSj3UVJW9qKyn43xWa+gl5nXmU4qqLMRzWVLFC8KusUX8T/0kCiOYpAIQ==}

  eventsource-parser@4.1.0:
    resolution: {integrity: sha512-+DHvQ1wLO//MK+1OZgcuXCbZFKgu3YjKPJt7n98rxX8vezL0ni+7s3ZQiM8bJkUEOk7MsuCycrPLj0FzUNf7Og==}
    engines: {node: '>=22.12'}

  react-reconciler@0.31.0:
    resolution: {integrity: sha512-7Ob7Z+URmesIsIVRjnLoDGwBEG/tVitidU0nMsqX/eeJaLY89RISO/10ERe0MqmzuKUUB1rmY+h1itMbUHg9BQ==}
    engines: {node: '>=0.10.0'}
    peerDependencies:
      react: ^19.0.0

  react@19.2.4:
    resolution: {integrity: sha512-9nfp2hYpCwOjAN+8TZFGhtWEwgvWHXqESH8qT89AT/lWklpLON22Lc8pEtnpsZz7VmawabSU0gCjnj8aC0euHQ==}
    engines: {node: '>=0.10.0'}

  scheduler@0.25.0:
    resolution: {integrity: sha512-xFVuu11jh+xcO7JOAGJNOXld8/TcEHK/4CituBUeUb5hqxJLj9YuemAEuvm9gQ/+pgXYfbQuqAkiYu+u7YEsNA==}

  typescript@5.9.3:
    resolution: {integrity: sha512-jl1vZzPDinLr9eUt3J/t7V6FgNEw9QjvBPdysz9KfQDD41fQrC2Y4vKQdiaUpFT4bXlb1RHhLpp8wtm6M5TgSw==}
    engines: {node: '>=14.17'}
    hasBin: true

  undici-types@7.16.0:
    resolution: {integrity: sha512-Zz+aZWSj8LE6zoxD+xrjh4VfkIG8Ya6LvYkZqtUQGJPZjYl53ypCaUwWqo7eI0x66KBGeRo+mlBEkMSeSZ38Nw==}

  xstate@5.20.2:
    resolution: {integrity: sha512-GZmLmc+WPKfFRxuTDAxCg0cUhS/ZnWaRD86DO8MKizeK4a050jd5k7UNnIQ2jJDWRig2/r0tmVXeezUNIhoz5Q==}

  zod@4.4.3:
    resolution: {integrity: sha512-ytENFjIJFl2UwYglde2jchW2Hwm4GJFLDiSXWdTrJQBIN9Fcyp7n4DhxJEiWNAJMV1/BqWfW/kkg71UDcHJyTQ==}

snapshots:

  '@regenrek/gpuix-native-darwin-arm64@0.5.0-regenrek.0':
    optional: true

  '@regenrek/gpuix-native-darwin-x64@0.5.0-regenrek.0':
    optional: true

  '@regenrek/gpuix-native@0.5.0-regenrek.0':
    optionalDependencies:
      '@regenrek/gpuix-native-darwin-arm64': 0.5.0-regenrek.0
      '@regenrek/gpuix-native-darwin-x64': 0.5.0-regenrek.0

  '@regenrek/gpuix-react@0.5.0-regenrek.0(react@19.2.4)':
    dependencies:
      '@regenrek/gpuix-native': 0.5.0-regenrek.0
      eventsource-parser: 4.1.0
      react: 19.2.4
      react-reconciler: 0.31.0(react@19.2.4)
      zod: 4.4.3

  '@tanstack/query-core@5.66.4': {}

  '@tanstack/react-query@5.66.8(react@19.2.4)':
    dependencies:
      '@tanstack/query-core': 5.66.4
      react: 19.2.4

  '@types/bun@1.3.14':
    dependencies:
      bun-types: 1.3.14

  '@types/node@25.0.10':
    dependencies:
      undici-types: 7.16.0

  '@types/react@19.2.10':
    dependencies:
      csstype: 3.2.3

  bun-types@1.3.14:
    dependencies:
      '@types/node': 25.0.10

  csstype@3.2.3: {}

  eventsource-parser@4.1.0: {}

  react-reconciler@0.31.0(react@19.2.4):
    dependencies:
      react: 19.2.4
      scheduler: 0.25.0

  react@19.2.4: {}

  scheduler@0.25.0: {}

  typescript@5.9.3: {}

  undici-types@7.16.0: {}

  xstate@5.20.2: {}

  zod@4.4.3: {}
